<?xml version="1.0" encoding="utf-8"?>
<Project ToolsVersion="4.0" xmlns="http://schemas.microsoft.com/developer/msbuild/2003">
  <ItemGroup>
    <Filter Include="源文件">
      <UniqueIdentifier>{4FC737F1-C7A5-4376-A066-2A32D752A2FF}</UniqueIdentifier>
      <Extensions>cpp;c;cc;cxx;def;odl;idl;hpj;bat;asm;asmx</Extensions>
    </Filter>
    <Filter Include="头文件">
      <UniqueIdentifier>{93995380-89BD-4b04-88EB-625FBE52EBFB}</UniqueIdentifier>
      <Extensions>h;hh;hpp;hxx;hm;inl;inc;ipp;xsd</Extensions>
    </Filter>
    <Filter Include="资源文件">
      <UniqueIdentifier>{67DA6AB6-F800-4c08-8B7A-83BB121AAD01}</UniqueIdentifier>
      <Extensions>rc;ico;cur;bmp;dlg;rc2;rct;bin;rgs;gif;jpg;jpeg;jpe;resx;tiff;tif;png;wav;mfcribbon-ms</Extensions>
    </Filter>
  </ItemGroup>
  <ItemGroup>
    <ClCompile Include="pta1071.cpp">
      <Filter>源文件</Filter>
    </ClCompile>
    <ClCompile Include="pta1070.cpp">
      <Filter>源文件</Filter>
    </ClCompile>
    <ClCompile Include="pta1069.cpp">
      <Filter>源文件</Filter>
    </ClCompile>
    <ClCompile Include="pta1072.cpp">
      <Filter>源文件</Filter>
    </ClCompile>
    <ClCompile Include="pta1073.cpp">
      <Filter>源文件</Filter>
    </ClCompile>
    <ClCompile Include="pta1074.cpp">
      <Filter>源文件</Filter>
    </ClCompile>
    <ClCompile Include="pta1075.cpp">
      <Filter>源文件</Filter>
    </ClCompile>
    <ClCompile Include="pta1076.cpp">
      <Filter>源文件</Filter>
    </ClCompile>
    <ClCompile Include="pta1077.cpp">
      <Filter>源文件</Filter>
    </ClCompile>
    <ClCompile Include="pta1078.cpp">
      <Filter>源文件</Filter>
    </ClCompile>
    <ClCompile Include="pta1079.cpp">
      <Filter>源文件</Filter>
    </ClCompile>
    <ClCompile Include="pta1080.cpp">
      <Filter>源文件</Filter>
    </ClCompile>
    <ClCompile Include="pta1081.cpp">
      <Filter>源文件</Filter>
    </ClCompile>
    <ClCompile Include="pta1084.cpp">
      <Filter>源文件</Filter>
    </ClCompile>
    <ClCompile Include="pta1085.cpp">
      <Filter>源文件</Filter>
    </ClCompile>
    <ClCompile Include="pta1067.cpp">
      <Filter>源文件</Filter>
    </ClCompile>
    <ClCompile Include="pta1068.cpp">
      <Filter>源文件</Filter>
    </ClCompile>
    <ClCompile Include="pta1003.cpp">
      <Filter>源文件</Filter>
    </ClCompile>
    <ClCompile Include="pta1014.cpp">
      <Filter>源文件</Filter>
    </ClCompile>
    <ClCompile Include="pta1015.cpp">
      <Filter>源文件</Filter>
    </ClCompile>
    <ClCompile Include="pta1018.cpp">
      <Filter>源文件</Filter>
    </ClCompile>
    <ClCompile Include="pta1020.cpp">
      <Filter>源文件</Filter>
    </ClCompile>
    <ClCompile Include="pta1024.cpp">
      <Filter>源文件</Filter>
    </ClCompile>
    <ClCompile Include="pta1025.cpp">
      <Filter>源文件</Filter>
    </ClCompile>
    <ClCompile Include="pta1031.cpp">
      <Filter>源文件</Filter>
    </ClCompile>
    <ClCompile Include="pta1030.cpp">
      <Filter>源文件</Filter>
    </ClCompile>
    <ClCompile Include="pta1034.cpp">
      <Filter>源文件</Filter>
    </ClCompile>
    <ClCompile Include="pta1035.cpp">
      <Filter>源文件</Filter>
    </ClCompile>
    <ClCompile Include="pta1041.cpp">
      <Filter>源文件</Filter>
    </ClCompile>
    <ClCompile Include="pta1045.cpp">
      <Filter>源文件</Filter>
    </ClCompile>
    <ClCompile Include="pta1050.cpp">
      <Filter>源文件</Filter>
    </ClCompile>
    <ClCompile Include="pta1051.cpp">
      <Filter>源文件</Filter>
    </ClCompile>
    <ClCompile Include="pta1052.cpp">
      <Filter>源文件</Filter>
    </ClCompile>
    <ClCompile Include="pta1053.cpp">
      <Filter>源文件</Filter>
    </ClCompile>
    <ClCompile Include="pta1054.cpp">
      <Filter>源文件</Filter>
    </ClCompile>
    <ClCompile Include="pta1055.cpp">
      <Filter>源文件</Filter>
    </ClCompile>
    <ClCompile Include="pta1058.cpp">
      <Filter>源文件</Filter>
    </ClCompile>
    <ClCompile Include="pta1060.cpp">
      <Filter>源文件</Filter>
    </ClCompile>
    <ClCompile Include="pta1065.cpp">
      <Filter>源文件</Filter>
    </ClCompile>
    <ClCompile Include="pta1062.cpp">
      <Filter>源文件</Filter>
    </ClCompile>
    <ClCompile Include="pta1086.cpp">
      <Filter>源文件</Filter>
    </ClCompile>
    <ClCompile Include="pta1087.cpp">
      <Filter>源文件</Filter>
    </ClCompile>
    <ClCompile Include="pta1088.cpp">
      <Filter>源文件</Filter>
    </ClCompile>
    <ClCompile Include="pta1089.cpp">
      <Filter>源文件</Filter>
    </ClCompile>
    <ClCompile Include="pta1090.cpp">
      <Filter>源文件</Filter>
    </ClCompile>
    <ClCompile Include="pta1092.cpp">
      <Filter>源文件</Filter>
    </ClCompile>
    <ClCompile Include="pta1093.cpp">
      <Filter>源文件</Filter>
    </ClCompile>
    <ClCompile Include="pta1094.cpp">
      <Filter>源文件</Filter>
    </ClCompile>
    <ClCompile Include="pta1095.cpp">
      <Filter>源文件</Filter>
    </ClCompile>
  </ItemGroup>
</Project>